
Microsoft Visual Studio Solution File, Format Version 12.00
# Visual Studio 14
VisualStudioVersion = 14.0.23107.0
MinimumVisualStudioVersion = 10.0.40219.1
Project("{FAE04EC0-301F-11D3-BF4B-00C04F79EFBC}") = "Manage", "Manage\Manage.csproj", "{88C6EF07-899F-49CB-A1B9-C6B7709143DB}"
EndProject
Project("{FAE04EC0-301F-11D3-BF4B-00C04F79EFBC}") = "Manage.Tests", "Manage.Tests\Manage.Tests.csproj", "{83BE888A-4CB8-4E72-A0A0-086389A95733}"
EndProject
Global
	GlobalSection(SolutionConfigurationPlatforms) = preSolution
		Debug|Any CPU = Debug|Any CPU
		Release|Any CPU = Release|Any CPU
	EndGlobalSection
	GlobalSection(ProjectConfigurationPlatforms) = postSolution
		{88C6EF07-899F-49CB-A1B9-C6B7709143DB}.Debug|Any CPU.ActiveCfg = Debug|Any CPU
		{88C6EF07-899F-49CB-A1B9-C6B7709143DB}.Debug|Any CPU.Build.0 = Debug|Any CPU
		{88C6EF07-899F-49CB-A1B9-C6B7709143DB}.Release|Any CPU.ActiveCfg = Release|Any CPU
		{88C6EF07-899F-49CB-A1B9-C6B7709143DB}.Release|Any CPU.Build.0 = Release|Any CPU
		{83BE888A-4CB8-4E72-A0A0-086389A95733}.Debug|Any CPU.ActiveCfg = Debug|Any CPU
		{83BE888A-4CB8-4E72-A0A0-086389A95733}.Debug|Any CPU.Build.0 = Debug|Any CPU
		{83BE888A-4CB8-4E72-A0A0-086389A95733}.Release|Any CPU.ActiveCfg = Release|Any CPU
		{83BE888A-4CB8-4E72-A0A0-086389A95733}.Release|Any CPU.Build.0 = Release|Any CPU
	EndGlobalSection
	GlobalSection(SolutionProperties) = preSolution
		HideSolutionNode = FALSE
	EndGlobalSection
EndGlobal
